Microsoft Visual Studio Solution File, Format Version 12.00
# Visual Studio Version 18
VisualStudioVersion = 18.6.11822.322
MinimumVisualStudioVersion = 10.0.40219.1
Project("{2150E333-8FDC-42A3-9474-1A3956D46DE8}") = "src", "src", "{1A1A1A1A-0001-4000-8000-000000000001}"
EndProject
Project("{2150E333-8FDC-42A3-9474-1A3956D46DE8}") = "tests", "tests", "{1A1A1A1A-0002-4000-8000-000000000002}"
EndProject
Project("{FAE04EC0-301F-11D3-BF4B-00C04F79EFBC}") = "EAM.Domain", "src\EAM.Domain\EAM.Domain.csproj", "{1A1A1A1A-0003-4000-8000-000000000003}"
EndProject
Project("{FAE04EC0-301F-11D3-BF4B-00C04F79EFBC}") = "EAM.Application", "src\EAM.Application\EAM.Application.csproj", "{1A1A1A1A-0004-4000-8000-000000000004}"
EndProject
Project("{FAE04EC0-301F-11D3-BF4B-00C04F79EFBC}") = "EAM.Infrastructure", "src\EAM.Infrastructure\EAM.Infrastructure.csproj", "{1A1A1A1A-0005-4000-8000-000000000005}"
EndProject
Project("{FAE04EC0-301F-11D3-BF4B-00C04F79EFBC}") = "EAM.Api", "src\EAM.Api\EAM.Api.csproj", "{1A1A1A1A-0006-4000-8000-000000000006}"
EndProject
Project("{FAE04EC0-301F-11D3-BF4B-00C04F79EFBC}") = "EAM.Tests", "tests\EAM.Tests\EAM.Tests.csproj", "{1A1A1A1A-0007-4000-8000-000000000007}"
EndProject
Project("{FAE04EC0-301F-11D3-BF4B-00C04F79EFBC}") = "EAM.E2E.Tests", "EAM.E2E.Tests\EAM.E2E.Tests.csproj", "{1A1A1A1A-0008-4000-8000-000000000008}"
EndProject
Global
	GlobalSection(SolutionConfigurationPlatforms) = preSolution
		Debug|Any CPU = Debug|Any CPU
		Release|Any CPU = Release|Any CPU
	EndGlobalSection
	GlobalSection(ProjectConfigurationPlatforms) = postSolution
		{1A1A1A1A-0003-4000-8000-000000000003}.Debug|Any CPU.ActiveCfg = Debug|Any CPU
		{1A1A1A1A-0003-4000-8000-000000000003}.Debug|Any CPU.Build.0 = Debug|Any CPU
		{1A1A1A1A-0003-4000-8000-000000000003}.Release|Any CPU.ActiveCfg = Release|Any CPU
		{1A1A1A1A-0003-4000-8000-000000000003}.Release|Any CPU.Build.0 = Release|Any CPU
		{1A1A1A1A-0004-4000-8000-000000000004}.Debug|Any CPU.ActiveCfg = Debug|Any CPU
		{1A1A1A1A-0004-4000-8000-000000000004}.Debug|Any CPU.Build.0 = Debug|Any CPU
		{1A1A1A1A-0004-4000-8000-000000000004}.Release|Any CPU.ActiveCfg = Release|Any CPU
		{1A1A1A1A-0004-4000-8000-000000000004}.Release|Any CPU.Build.0 = Release|Any CPU
		{1A1A1A1A-0005-4000-8000-000000000005}.Debug|Any CPU.ActiveCfg = Debug|Any CPU
		{1A1A1A1A-0005-4000-8000-000000000005}.Debug|Any CPU.Build.0 = Debug|Any CPU
		{1A1A1A1A-0005-4000-8000-000000000005}.Release|Any CPU.ActiveCfg = Release|Any CPU
		{1A1A1A1A-0005-4000-8000-000000000005}.Release|Any CPU.Build.0 = Release|Any CPU
		{1A1A1A1A-0006-4000-8000-000000000006}.Debug|Any CPU.ActiveCfg = Debug|Any CPU
		{1A1A1A1A-0006-4000-8000-000000000006}.Debug|Any CPU.Build.0 = Debug|Any CPU
		{1A1A1A1A-0006-4000-8000-000000000006}.Release|Any CPU.ActiveCfg = Release|Any CPU
		{1A1A1A1A-0006-4000-8000-000000000006}.Release|Any CPU.Build.0 = Release|Any CPU
		{1A1A1A1A-0007-4000-8000-000000000007}.Debug|Any CPU.ActiveCfg = Debug|Any CPU
		{1A1A1A1A-0007-4000-8000-000000000007}.Debug|Any CPU.Build.0 = Debug|Any CPU
		{1A1A1A1A-0007-4000-8000-000000000007}.Release|Any CPU.ActiveCfg = Release|Any CPU
		{1A1A1A1A-0007-4000-8000-000000000007}.Release|Any CPU.Build.0 = Release|Any CPU
		{1A1A1A1A-0008-4000-8000-000000000008}.Debug|Any CPU.ActiveCfg = Debug|Any CPU
		{1A1A1A1A-0008-4000-8000-000000000008}.Debug|Any CPU.Build.0 = Debug|Any CPU
		{1A1A1A1A-0008-4000-8000-000000000008}.Release|Any CPU.ActiveCfg = Release|Any CPU
		{1A1A1A1A-0008-4000-8000-000000000008}.Release|Any CPU.Build.0 = Release|Any CPU
	EndGlobalSection
	GlobalSection(SolutionProperties) = preSolution
		HideSolutionNode = FALSE
	EndGlobalSection
	GlobalSection(NestedProjects) = preSolution
		{1A1A1A1A-0003-4000-8000-000000000003} = {1A1A1A1A-0001-4000-8000-000000000001}
		{1A1A1A1A-0004-4000-8000-000000000004} = {1A1A1A1A-0001-4000-8000-000000000001}
		{1A1A1A1A-0005-4000-8000-000000000005} = {1A1A1A1A-0001-4000-8000-000000000001}
		{1A1A1A1A-0006-4000-8000-000000000006} = {1A1A1A1A-0001-4000-8000-000000000001}
		{1A1A1A1A-0007-4000-8000-000000000007} = {1A1A1A1A-0002-4000-8000-000000000002}
		{1A1A1A1A-0008-4000-8000-000000000008} = {1A1A1A1A-0002-4000-8000-000000000002}
	EndGlobalSection
	GlobalSection(ExtensibilityGlobals) = postSolution
		SolutionGuid = {1A1A1A1A-0009-4000-8000-000000000009}
	EndGlobalSection
EndGlobal
